{
  "nodes": {
    "home-manager": {
      "inputs": {
        "nixpkgs": [
          "nixpkgs"
        ]
      },
      "locked": {
        "lastModified": 1782704057,
        "narHash": "sha256-G1I1gd32F7mp9LAe1DaZ4ZL7NX5gyiKwdCMwro1Vrck=",
        "owner": "nix-community",
        "repo": "home-manager",
        "rev": "868d0a692de703c2de98fab61968e4e310b7c28e",
        "type": "github"
      },
      "original": {
        "owner": "nix-community",
        "ref": "release-26.05",
        "repo": "home-manager",
        "type": "github"
      }
    },
    "ik-llama": {
      "inputs": {
        "ik-llama-src": "ik-llama-src",
        "nixpkgs": [
          "nixpkgs"
        ]
      },
      "locked": {
        "lastModified": 1782911360,
        "narHash": "sha256-IG7qGBj1/0CGB4BFM5Cb19glmLKNMBP9X4J2DQ1LQXw=",
        "ref": "refs/heads/main",
        "rev": "c073fc758f2369617c05afb95a2690045d1afc27",
        "revCount": 1,
        "type": "git",
        "url": "https://codeberg.org/Phym/nixos_flake-ik_llama_cpp"
      },
      "original": {
        "type": "git",
        "url": "https://codeberg.org/Phym/nixos_flake-ik_llama_cpp"
      }
    },
    "ik-llama-src": {
      "flake": false,
      "locked": {
        "lastModified": 1782802973,
        "narHash": "sha256-T8ffglxlZ3nNPBrYPNT2pjPq4+T3BXXAWy55vJUG5lE=",
        "owner": "ikawrakow",
        "repo": "ik_llama.cpp",
        "rev": "29431b31c89e79c10f8736e8f2742485ba1713d6",
        "type": "github"
      },
      "original": {
        "owner": "ikawrakow",
        "repo": "ik_llama.cpp",
        "type": "github"
      }
    },
    "nixpkgs": {
      "locked": {
        "lastModified": 1782847225,
        "narHash": "sha256-Q80uZ1R+Y0g0kNfzGG8AcbvNkgYlnwJ3ubunAuIDUIQ=",
        "rev": "95ca1e203c0750115fd4a6f17d5a245dfe6b1edd",
        "type": "tarball",
        "url": "https://releases.nixos.org/nixos/26.05/nixos-26.05.3869.95ca1e203c07/nixexprs.tar.xz"
      },
      "original": {
        "id": "nixpkgs",
        "ref": "nixos-26.05",
        "type": "indirect"
      }
    },
    "root": {
      "inputs": {
        "home-manager": "home-manager",
        "ik-llama": "ik-llama",
        "nixpkgs": "nixpkgs",
        "sops-nix": "sops-nix"
      }
    },
    "sops-nix": {
      "inputs": {
        "nixpkgs": [
          "nixpkgs"
        ]
      },
      "locked": {
        "lastModified": 1782165805,
        "narHash": "sha256-478kKQBvK6SYTOdN2h9jhKJv94nbXRbFMfuL1WshErg=",
        "owner": "mic92",
        "repo": "sops-nix",
        "rev": "56b24064fdcaedca53553b1a6d607fd23b613a24",
        "type": "github"
      },
      "original": {
        "owner": "mic92",
        "repo": "sops-nix",
        "type": "github"
      }
    }
  },
  "root": "root",
  "version": 7
}
